// !$*UTF8*$!
{
	archiveVersion = 1;
	classes = {
	};
	objectVersion = 77;
	objects = {

/* Begin PBXContainerItemProxy section */
		EB5C5F4E2D95141300F29182 /* PBXContainerItemProxy */ = {
			isa = PBXContainerItemProxy;
			containerPortal = EB5C5F342D95141100F29182 /* Project object */;
			proxyType = 1;
			remoteGlobalIDString = EB5C5F3B2D95141100F29182;
			remoteInfo = "Shot Clock Cue Score";
		};
		EB5C5F582D95141300F29182 /* PBXContainerItemProxy */ = {
			isa = PBXContainerItemProxy;
			containerPortal = EB5C5F342D95141100F29182 /* Project object */;
			proxyType = 1;
			remoteGlobalIDString = EB5C5F3B2D95141100F29182;
			remoteInfo = "Shot Clock Cue Score";
		};
/* End PBXContainerItemProxy section */

/* Begin PBXCopyFilesBuildPhase section */
		EB180E022DA0F25400DF6D17 /* CopyFiles */ = {
			isa = PBXCopyFilesBuildPhase;
			buildActionMask = 2147483647;
			dstPath = "";
			dstSubfolderSpec = 7;
			files = (
			);
			runOnlyForDeploymentPostprocessing = 0;
		};
/* End PBXCopyFilesBuildPhase section */

/* Begin PBXFileReference section */
		EB5C5F3C2D95141100F29182 /* Shot Clock Tournaments.app */ = {isa = PBXFileReference; explicitFileType = wrapper.application; includeInIndex = 0; path = "Shot Clock Tournaments.app"; sourceTree = BUILT_PRODUCTS_DIR; };
		EB5C5F4D2D95141300F29182 /* Shot Clock TournamentsTests.xctest */ = {isa = PBXFileReference; explicitFileType = wrapper.cfbundle; includeInIndex = 0; path = "Shot Clock TournamentsTests.xctest"; sourceTree = BUILT_PRODUCTS_DIR; };
		EB5C5F572D95141300F29182 /* Shot Clock TournamentsUITests.xctest */ = {isa = PBXFileReference; explicitFileType = wrapper.cfbundle; includeInIndex = 0; path = "Shot Clock TournamentsUITests.xctest"; sourceTree = BUILT_PRODUCTS_DIR; };
		EBAB88752DA0E3B600D137C3 /* Shot Clock Tournaments */ = {isa = PBXFileReference; lastKnownFileType = folder; name = "Shot Clock Tournaments"; path = "/Users/owner/Desktop/Indigo Apps/Shot Clock/Shot Clock Tournaments/Shot Clock Tournaments"; sourceTree = "<absolute>"; };
		EBAB89022DA0EB2B00D137C3 /* Shot-Clock-Tournaments-Info.plist */ = {isa = PBXFileReference; lastKnownFileType = text.plist; path = "Shot-Clock-Tournaments-Info.plist"; sourceTree = "<group>"; };
/* End PBXFileReference section */

/* Begin PBXFileSystemSynchronizedRootGroup section */
		EB5C5F502D95141300F29182 /* Shot Clock Cue ScoreTests */ = {
			isa = PBXFileSystemSynchronizedRootGroup;
			name = "Shot Clock Cue ScoreTests";
			path = "Shot Clock Tournaments";
			sourceTree = "<group>";
		};
		EB5C5F5A2D95141300F29182 /* Shot Clock Cue ScoreUITests */ = {
			isa = PBXFileSystemSynchronizedRootGroup;
			path = "Shot Clock Cue ScoreUITests";
			sourceTree = "<group>";
		};
/* End PBXFileSystemSynchronizedRootGroup section */

/* Begin PBXFrameworksBuildPhase section */
		EB5C5F392D95141100F29182 /* Frameworks */ = {
			isa = PBXFrameworksBuildPhase;
			buildActionMask = 2147483647;
			files = (
			);
			runOnlyForDeploymentPostprocessing = 0;
		};
		EB5C5F4A2D95141300F29182 /* Frameworks */ = {
			isa = PBXFrameworksBuildPhase;
			buildActionMask = 2147483647;
			files = (
			);
			runOnlyForDeploymentPostprocessing = 0;
		};
		EB5C5F542D95141300F29182 /* Frameworks */ = {
			isa = PBXFrameworksBuildPhase;
			buildActionMask = 2147483647;
			files = (
			);
			runOnlyForDeploymentPostprocessing = 0;
		};
/* End PBXFrameworksBuildPhase section */

/* Begin PBXGroup section */
		EB5C5F332D95141100F29182 = {
			isa = PBXGroup;
			children = (
				EBAB89022DA0EB2B00D137C3 /* Shot-Clock-Tournaments-Info.plist */,
				EBAB88752DA0E3B600D137C3 /* Shot Clock Tournaments */,
				EB5C5F502D95141300F29182 /* Shot Clock Cue ScoreTests */,
				EB5C5F5A2D95141300F29182 /* Shot Clock Cue ScoreUITests */,
				EB5C5F3D2D95141100F29182 /* Products */,
			);
			sourceTree = "<group>";
		};
		EB5C5F3D2D95141100F29182 /* Products */ = {
			isa = PBXGroup;
			children = (
				EB5C5F3C2D95141100F29182 /* Shot Clock Tournaments.app */,
				EB5C5F4D2D95141300F29182 /* Shot Clock TournamentsTests.xctest */,
				EB5C5F572D95141300F29182 /* Shot Clock TournamentsUITests.xctest */,
			);
			name = Products;
			sourceTree = "<group>";
		};
/* End PBXGroup section */

/* Begin PBXNativeTarget section */
		EB5C5F3B2D95141100F29182 /* Shot Clock Tournaments */ = {
			isa = PBXNativeTarget;
			buildConfigurationList = EB5C5F612D95141300F29182 /* Build configuration list for PBXNativeTarget "Shot Clock Tournaments" */;
			buildPhases = (
				EB5C5F382D95141100F29182 /* Sources */,
				EB5C5F392D95141100F29182 /* Frameworks */,
				EB5C5F3A2D95141100F29182 /* Resources */,
				EB180E022DA0F25400DF6D17 /* CopyFiles */,
			);
			buildRules = (
			);
			dependencies = (
			);
			name = "Shot Clock Tournaments";
			packageProductDependencies = (
			);
			productName = "Shot Clock Cue Score";
			productReference = EB5C5F3C2D95141100F29182 /* Shot Clock Tournaments.app */;
			productType = "com.apple.product-type.application";
		};
		EB5C5F4C2D95141300F29182 /* Shot Clock TournamentsTests */ = {
			isa = PBXNativeTarget;
			buildConfigurationList = EB5C5F642D95141300F29182 /* Build configuration list for PBXNativeTarget "Shot Clock TournamentsTests" */;
			buildPhases = (
				EB5C5F492D95141300F29182 /* Sources */,
				EB5C5F4A2D95141300F29182 /* Frameworks */,
				EB5C5F4B2D95141300F29182 /* Resources */,
			);
			buildRules = (
			);
			dependencies = (
				EB5C5F4F2D95141300F29182 /* PBXTargetDependency */,
			);
			fileSystemSynchronizedGroups = (
				EB5C5F502D95141300F29182 /* Shot Clock Cue ScoreTests */,
			);
			name = "Shot Clock TournamentsTests";
			packageProductDependencies = (
			);
			productName = "Shot Clock Cue ScoreTests";
			productReference = EB5C5F4D2D95141300F29182 /* Shot Clock TournamentsTests.xctest */;
			productType = "com.apple.product-type.bundle.unit-test";
		};
		EB5C5F562D95141300F29182 /* Shot Clock TournamentsUITests */ = {
			isa = PBXNativeTarget;
			buildConfigurationList = EB5C5F672D95141300F29182 /* Build configuration list for PBXNativeTarget "Shot Clock TournamentsUITests" */;
			buildPhases = (
				EB5C5F532D95141300F29182 /* Sources */,
				EB5C5F542D95141300F29182 /* Frameworks */,
				EB5C5F552D95141300F29182 /* Resources */,
			);
			buildRules = (
			);
			dependencies = (
				EB5C5F592D95141300F29182 /* PBXTargetDependency */,
			);
			fileSystemSynchronizedGroups = (
				EB5C5F5A2D95141300F29182 /* Shot Clock Cue ScoreUITests */,
			);
			name = "Shot Clock TournamentsUITests";
			packageProductDependencies = (
			);
			productName = "Shot Clock Cue ScoreUITests";
			productReference = EB5C5F572D95141300F29182 /* Shot Clock TournamentsUITests.xctest */;
			productType = "com.apple.product-type.bundle.ui-testing";
		};
/* End PBXNativeTarget section */

/* Begin PBXProject section */
		EB5C5F342D95141100F29182 /* Project object */ = {
			isa = PBXProject;
			attributes = {
				BuildIndependentTargetsInParallel = 1;
				LastSwiftUpdateCheck = 1620;
				LastUpgradeCheck = 1620;
				TargetAttributes = {
					EB5C5F3B2D95141100F29182 = {
						CreatedOnToolsVersion = 16.2;
					};
					EB5C5F4C2D95141300F29182 = {
						CreatedOnToolsVersion = 16.2;
						TestTargetID = EB5C5F3B2D95141100F29182;
					};
					EB5C5F562D95141300F29182 = {
						CreatedOnToolsVersion = 16.2;
						TestTargetID = EB5C5F3B2D95141100F29182;
					};
				};
			};
			buildConfigurationList = EB5C5F372D95141100F29182 /* Build configuration list for PBXProject "Shot Clock Tournaments" */;
			developmentRegion = en;
			hasScannedForEncodings = 0;
			knownRegions = (
				en,
				Base,
			);
			mainGroup = EB5C5F332D95141100F29182;
			minimizedProjectReferenceProxies = 1;
			preferredProjectObjectVersion = 77;
			productRefGroup = EB5C5F3D2D95141100F29182 /* Products */;
			projectDirPath = "";
			projectRoot = "";
			targets = (
				EB5C5F3B2D95141100F29182 /* Shot Clock Tournaments */,
				EB5C5F4C2D95141300F29182 /* Shot Clock TournamentsTests */,
				EB5C5F562D95141300F29182 /* Shot Clock TournamentsUITests */,
			);
		};
/* End PBXProject section */

/* Begin PBXResourcesBuildPhase section */
		EB5C5F3A2D95141100F29182 /* Resources */ = {
			isa = PBXResourcesBuildPhase;
			buildActionMask = 2147483647;
			files = (
			);
			runOnlyForDeploymentPostprocessing = 0;
		};
		EB5C5F4B2D95141300F29182 /* Resources */ = {
			isa = PBXResourcesBuildPhase;
			buildActionMask = 2147483647;
			files = (
			);
			runOnlyForDeploymentPostprocessing = 0;
		};
		EB5C5F552D95141300F29182 /* Resources */ = {
			isa = PBXResourcesBuildPhase;
			buildActionMask = 2147483647;
			files = (
			);
			runOnlyForDeploymentPostprocessing = 0;
		};
/* End PBXResourcesBuildPhase section */

/* Begin PBXSourcesBuildPhase section */
		EB5C5F382D95141100F29182 /* Sources */ = {
			isa = PBXSourcesBuildPhase;
			buildActionMask = 2147483647;
			files = (
			);
			runOnlyForDeploymentPostprocessing = 0;
		};
		EB5C5F492D95141300F29182 /* Sources */ = {
			isa = PBXSourcesBuildPhase;
			buildActionMask = 2147483647;
			files = (
			);
			runOnlyForDeploymentPostprocessing = 0;
		};
		EB5C5F532D95141300F29182 /* Sources */ = {
			isa = PBXSourcesBuildPhase;
			buildActionMask = 2147483647;
			files = (
			);
			runOnlyForDeploymentPostprocessing = 0;
		};
/* End PBXSourcesBuildPhase section */

/* Begin PBXTargetDependency section */
		EB5C5F4F2D95141300F29182 /* PBXTargetDependency */ = {
			isa = PBXTargetDependency;
			target = EB5C5F3B2D95141100F29182 /* Shot Clock Tournaments */;
			targetProxy = EB5C5F4E2D95141300F29182 /* PBXContainerItemProxy */;
		};
		EB5C5F592D95141300F29182 /* PBXTargetDependency */ = {
			isa = PBXTargetDependency;
			target = EB5C5F3B2D95141100F29182 /* Shot Clock Tournaments */;
			targetProxy = EB5C5F582D95141300F29182 /* PBXContainerItemProxy */;
		};
/* End PBXTargetDependency section */

/* Begin XCBuildConfiguration section */
		EB5C5F5F2D95141300F29182 /* Debug */ = {
			isa = XCBuildConfiguration;
			buildSettings = {
				ALWAYS_SEARCH_USER_PATHS = NO;
				ASSETCATALOG_COMPILER_GENERATE_SWIFT_ASSET_SYMBOL_EXTENSIONS = YES;
				CLANG_ANALYZER_NONNULL = YES;
				CLANG_ANALYZER_NUMBER_OBJECT_CONVERSION = YES_AGGRESSIVE;
				CLANG_CXX_LANGUAGE_STANDARD = "gnu++20";
				CLANG_ENABLE_MODULES = YES;
				CLANG_ENABLE_OBJC_ARC = YES;
				CLANG_ENABLE_OBJC_WEAK = YES;
				CLANG_WARN_BLOCK_CAPTURE_AUTORELEASING = YES;
				CLANG_WARN_BOOL_CONVERSION = YES;
				CLANG_WARN_COMMA = YES;
				CLANG_WARN_CONSTANT_CONVERSION = YES;
				CLANG_WARN_DEPRECATED_OBJC_IMPLEMENTATIONS = YES;
				CLANG_WARN_DIRECT_OBJC_ISA_USAGE = YES_ERROR;
				CLANG_WARN_DOCUMENTATION_COMMENTS = YES;
				CLANG_WARN_EMPTY_BODY = YES;
				CLANG_WARN_ENUM_CONVERSION = YES;
				CLANG_WARN_INFINITE_RECURSION = YES;
				CLANG_WARN_INT_CONVERSION = YES;
				CLANG_WARN_NON_LITERAL_NULL_CONVERSION = YES;
				CLANG_WARN_OBJC_IMPLICIT_RETAIN_SELF = YES;
				CLANG_WARN_OBJC_LITERAL_CONVERSION = YES;
				CLANG_WARN_OBJC_ROOT_CLASS = YES_ERROR;
				CLANG_WARN_QUOTED_INCLUDE_IN_FRAMEWORK_HEADER = YES;
				CLANG_WARN_RANGE_LOOP_ANALYSIS = YES;
				CLANG_WARN_STRICT_PROTOTYPES = YES;
				CLANG_WARN_SUSPICIOUS_MOVE = YES;
				CLANG_WARN_UNGUARDED_AVAILABILITY = YES_AGGRESSIVE;
				CLANG_WARN_UNREACHABLE_CODE = YES;
				CLANG_WARN__DUPLICATE_METHOD_MATCH = YES;
				COPY_PHASE_STRIP = NO;
				DEBUG_INFORMATION_FORMAT = dwarf;
				ENABLE_STRICT_OBJC_MSGSEND = YES;
				ENABLE_TESTABILITY = YES;
				ENABLE_USER_SCRIPT_SANDBOXING = YES;
				GCC_C_LANGUAGE_STANDARD = gnu17;
				GCC_DYNAMIC_NO_PIC = NO;
				GCC_NO_COMMON_BLOCKS = YES;
				GCC_OPTIMIZATION_LEVEL = 0;
				GCC_PREPROCESSOR_DEFINITIONS = (
					"DEBUG=1",
					"$(inherited)",
				);
				GCC_WARN_64_TO_32_BIT_CONVERSION = YES;
				GCC_WARN_ABOUT_RETURN_TYPE = YES_ERROR;
				GCC_WARN_UNDECLARED_SELECTOR = YES;
				GCC_WARN_UNINITIALIZED_AUTOS = YES_AGGRESSIVE;
				GCC_WARN_UNUSED_FUNCTION = YES;
				GCC_WARN_UNUSED_VARIABLE = YES;
				LOCALIZATION_PREFERS_STRING_CATALOGS = YES;
				MTL_ENABLE_DEBUG_INFO = INCLUDE_SOURCE;
				MTL_FAST_MATH = YES;
				ONLY_ACTIVE_ARCH = YES;
				SWIFT_ACTIVE_COMPILATION_CONDITIONS = "DEBUG $(inherited)";
				SWIFT_OPTIMIZATION_LEVEL = "-Onone";
			};
			name = Debug;
		};
		EB5C5F602D95141300F29182 /* Release */ = {
			isa = XCBuildConfiguration;
			buildSettings = {
				ALWAYS_SEARCH_USER_PATHS = NO;
				ASSETCATALOG_COMPILER_GENERATE_SWIFT_ASSET_SYMBOL_EXTENSIONS = YES;
				CLANG_ANALYZER_NONNULL = YES;
				CLANG_ANALYZER_NUMBER_OBJECT_CONVERSION = YES_AGGRESSIVE;
				CLANG_CXX_LANGUAGE_STANDARD = "gnu++20";
				CLANG_ENABLE_MODULES = YES;
				CLANG_ENABLE_OBJC_ARC = YES;
				CLANG_ENABLE_OBJC_WEAK = YES;
				CLANG_WARN_BLOCK_CAPTURE_AUTORELEASING = YES;
				CLANG_WARN_BOOL_CONVERSION = YES;
				CLANG_WARN_COMMA = YES;
				CLANG_WARN_CONSTANT_CONVERSION = YES;
				CLANG_WARN_DEPRECATED_OBJC_IMPLEMENTATIONS = YES;
				CLANG_WARN_DIRECT_OBJC_ISA_USAGE = YES_ERROR;
				CLANG_WARN_DOCUMENTATION_COMMENTS = YES;
				CLANG_WARN_EMPTY_BODY = YES;
				CLANG_WARN_ENUM_CONVERSION = YES;
				CLANG_WARN_INFINITE_RECURSION = YES;
				CLANG_WARN_INT_CONVERSION = YES;
				CLANG_WARN_NON_LITERAL_NULL_CONVERSION = YES;
				CLANG_WARN_OBJC_IMPLICIT_RETAIN_SELF = YES;
				CLANG_WARN_OBJC_LITERAL_CONVERSION = YES;
				CLANG_WARN_OBJC_ROOT_CLASS = YES_ERROR;
				CLANG_WARN_QUOTED_INCLUDE_IN_FRAMEWORK_HEADER = YES;
				CLANG_WARN_RANGE_LOOP_ANALYSIS = YES;
				CLANG_WARN_STRICT_PROTOTYPES = YES;
				CLANG_WARN_SUSPICIOUS_MOVE = YES;
				CLANG_WARN_UNGUARDED_AVAILABILITY = YES_AGGRESSIVE;
				CLANG_WARN_UNREACHABLE_CODE = YES;
				CLANG_WARN__DUPLICATE_METHOD_MATCH = YES;
				COPY_PHASE_STRIP = NO;
				DEBUG_INFORMATION_FORMAT = "dwarf-with-dsym";
				ENABLE_NS_ASSERTIONS = NO;
				ENABLE_STRICT_OBJC_MSGSEND = YES;
				ENABLE_USER_SCRIPT_SANDBOXING = YES;
				GCC_C_LANGUAGE_STANDARD = gnu17;
				GCC_NO_COMMON_BLOCKS = YES;
				GCC_WARN_64_TO_32_BIT_CONVERSION = YES;
				GCC_WARN_ABOUT_RETURN_TYPE = YES_ERROR;
				GCC_WARN_UNDECLARED_SELECTOR = YES;
				GCC_WARN_UNINITIALIZED_AUTOS = YES_AGGRESSIVE;
				GCC_WARN_UNUSED_FUNCTION = YES;
				GCC_WARN_UNUSED_VARIABLE = YES;
				LOCALIZATION_PREFERS_STRING_CATALOGS = YES;
				MTL_ENABLE_DEBUG_INFO = NO;
				MTL_FAST_MATH = YES;
				SWIFT_COMPILATION_MODE = wholemodule;
			};
			name = Release;
		};
		EB5C5F622D95141300F29182 /* Debug */ = {
			isa = XCBuildConfiguration;
			buildSettings = {
				ASSETCATALOG_COMPILER_APPICON_NAME = AppIcon;
				ASSETCATALOG_COMPILER_GLOBAL_ACCENT_COLOR_NAME = AccentColor;
				CODE_SIGN_ENTITLEMENTS = "Shot Clock Tournaments/Shot_Clock_Tournaments.entitlements";
				"CODE_SIGN_IDENTITY[sdk=macosx*]" = "Apple Development";
				CODE_SIGN_STYLE = Automatic;
				CURRENT_PROJECT_VERSION = 10;
				DEVELOPMENT_ASSET_PATHS = "\"Shot Clock Tournaments/Preview Content\"";
				DEVELOPMENT_TEAM = Z9M8FT8K38;
				ENABLE_HARDENED_RUNTIME = YES;
				ENABLE_PREVIEWS = YES;
				GENERATE_INFOPLIST_FILE = YES;
				INFOPLIST_FILE = "Shot-Clock-Tournaments-Info.plist";
				INFOPLIST_KEY_CFBundleDisplayName = "SC Tournaments";
				INFOPLIST_KEY_LSApplicationCategoryType = "public.app-category.sports";
				"INFOPLIST_KEY_UIApplicationSceneManifest_Generation[sdk=iphoneos*]" = YES;
				"INFOPLIST_KEY_UIApplicationSceneManifest_Generation[sdk=iphonesimulator*]" = YES;
				"INFOPLIST_KEY_UIApplicationSupportsIndirectInputEvents[sdk=iphoneos*]" = YES;
				"INFOPLIST_KEY_UIApplicationSupportsIndirectInputEvents[sdk=iphonesimulator*]" = YES;
				"INFOPLIST_KEY_UILaunchScreen_Generation[sdk=iphoneos*]" = YES;
				"INFOPLIST_KEY_UILaunchScreen_Generation[sdk=iphonesimulator*]" = YES;
				INFOPLIST_KEY_UIRequiresFullScreen = YES;
				"INFOPLIST_KEY_UIStatusBarStyle[sdk=iphoneos*]" = UIStatusBarStyleDefault;
				"INFOPLIST_KEY_UIStatusBarStyle[sdk=iphonesimulator*]" = UIStatusBarStyleDefault;
				INFOPLIST_KEY_UISupportedInterfaceOrientations_iPad = "UIInterfaceOrientationPortrait UIInterfaceOrientationPortraitUpsideDown UIInterfaceOrientationLandscapeLeft UIInterfaceOrientationLandscapeRight";
				INFOPLIST_KEY_UISupportedInterfaceOrientations_iPhone = "UIInterfaceOrientationPortrait UIInterfaceOrientationLandscapeLeft UIInterfaceOrientationLandscapeRight";
				IPHONEOS_DEPLOYMENT_TARGET = 18.2;
				LD_RUNPATH_SEARCH_PATHS = "@executable_path/Frameworks";
				"LD_RUNPATH_SEARCH_PATHS[sdk=macosx*]" = "@executable_path/../Frameworks";
				MACOSX_DEPLOYMENT_TARGET = 15.2;
				MARKETING_VERSION = 1.0;
				PRODUCT_BUNDLE_IDENTIFIER = "IndigoApps.Shot-Clock-Tournaments";
				PRODUCT_NAME = "$(TARGET_NAME)";
				SDKROOT = auto;
				SUPPORTED_PLATFORMS = "iphoneos iphonesimulator macosx";
				SUPPORTS_MACCATALYST = NO;
				SWIFT_EMIT_LOC_STRINGS = YES;
				SWIFT_VERSION = 5.0;
				TARGETED_DEVICE_FAMILY = "1,2";
				XROS_DEPLOYMENT_TARGET = 2.2;
			};
			name = Debug;
		};
		EB5C5F632D95141300F29182 /* Release */ = {
			isa = XCBuildConfiguration;
			buildSettings = {
				ASSETCATALOG_COMPILER_APPICON_NAME = AppIcon;
				ASSETCATALOG_COMPILER_GLOBAL_ACCENT_COLOR_NAME = AccentColor;
				CODE_SIGN_ENTITLEMENTS = "Shot Clock Tournaments/Shot_Clock_Tournaments.entitlements";
				"CODE_SIGN_IDENTITY[sdk=macosx*]" = "Apple Development";
				CODE_SIGN_STYLE = Automatic;
				CURRENT_PROJECT_VERSION = 10;
				DEVELOPMENT_ASSET_PATHS = "\"Shot Clock Tournaments/Preview Content\"";
				DEVELOPMENT_TEAM = Z9M8FT8K38;
				ENABLE_HARDENED_RUNTIME = YES;
				ENABLE_PREVIEWS = YES;
				GENERATE_INFOPLIST_FILE = YES;
				INFOPLIST_FILE = "Shot-Clock-Tournaments-Info.plist";
				INFOPLIST_KEY_CFBundleDisplayName = "SC Tournaments";
				INFOPLIST_KEY_LSApplicationCategoryType = "public.app-category.sports";
				"INFOPLIST_KEY_UIApplicationSceneManifest_Generation[sdk=iphoneos*]" = YES;
				"INFOPLIST_KEY_UIApplicationSceneManifest_Generation[sdk=iphonesimulator*]" = YES;
				"INFOPLIST_KEY_UIApplicationSupportsIndirectInputEvents[sdk=iphoneos*]" = YES;
				"INFOPLIST_KEY_UIApplicationSupportsIndirectInputEvents[sdk=iphonesimulator*]" = YES;
				"INFOPLIST_KEY_UILaunchScreen_Generation[sdk=iphoneos*]" = YES;
				"INFOPLIST_KEY_UILaunchScreen_Generation[sdk=iphonesimulator*]" = YES;
				INFOPLIST_KEY_UIRequiresFullScreen = YES;
				"INFOPLIST_KEY_UIStatusBarStyle[sdk=iphoneos*]" = UIStatusBarStyleDefault;
				"INFOPLIST_KEY_UIStatusBarStyle[sdk=iphonesimulator*]" = UIStatusBarStyleDefault;
				INFOPLIST_KEY_UISupportedInterfaceOrientations_iPad = "UIInterfaceOrientationPortrait UIInterfaceOrientationPortraitUpsideDown UIInterfaceOrientationLandscapeLeft UIInterfaceOrientationLandscapeRight";
				INFOPLIST_KEY_UISupportedInterfaceOrientations_iPhone = "UIInterfaceOrientationPortrait UIInterfaceOrientationLandscapeLeft UIInterfaceOrientationLandscapeRight";
				IPHONEOS_DEPLOYMENT_TARGET = 18.2;
				LD_RUNPATH_SEARCH_PATHS = "@executable_path/Frameworks";
				"LD_RUNPATH_SEARCH_PATHS[sdk=macosx*]" = "@executable_path/../Frameworks";
				MACOSX_DEPLOYMENT_TARGET = 15.2;
				MARKETING_VERSION = 1.0;
				PRODUCT_BUNDLE_IDENTIFIER = "IndigoApps.Shot-Clock-Tournaments";
				PRODUCT_NAME = "$(TARGET_NAME)";
				SDKROOT = auto;
				SUPPORTED_PLATFORMS = "iphoneos iphonesimulator macosx";
				SUPPORTS_MACCATALYST = NO;
				SWIFT_EMIT_LOC_STRINGS = YES;
				SWIFT_VERSION = 5.0;
				TARGETED_DEVICE_FAMILY = "1,2";
				XROS_DEPLOYMENT_TARGET = 2.2;
			};
			name = Release;
		};
		EB5C5F652D95141300F29182 /* Debug */ = {
			isa = XCBuildConfiguration;
			buildSettings = {
				BUNDLE_LOADER = "$(TEST_HOST)";
				CODE_SIGN_STYLE = Automatic;
				CURRENT_PROJECT_VERSION = 1;
				DEVELOPMENT_TEAM = Z9M8FT8K38;
				GENERATE_INFOPLIST_FILE = YES;
				IPHONEOS_DEPLOYMENT_TARGET = 18.2;
				MACOSX_DEPLOYMENT_TARGET = 15.2;
				MARKETING_VERSION = 1.0;
				PRODUCT_BUNDLE_IDENTIFIER = "IndigoApps.Shot-Clock-Cue-ScoreTests";
				PRODUCT_NAME = "$(TARGET_NAME)";
				SDKROOT = auto;
				SUPPORTED_PLATFORMS = "iphoneos iphonesimulator macosx xros xrsimulator";
				SWIFT_EMIT_LOC_STRINGS = NO;
				SWIFT_VERSION = 5.0;
				TARGETED_DEVICE_FAMILY = "1,2,7";
				TEST_HOST = "$(BUILT_PRODUCTS_DIR)/Shot Clock Tournaments.app/$(BUNDLE_EXECUTABLE_FOLDER_PATH)/Shot Clock Tournaments";
				XROS_DEPLOYMENT_TARGET = 2.2;
			};
			name = Debug;
		};
		EB5C5F662D95141300F29182 /* Release */ = {
			isa = XCBuildConfiguration;
			buildSettings = {
				BUNDLE_LOADER = "$(TEST_HOST)";
				CODE_SIGN_STYLE = Automatic;
				CURRENT_PROJECT_VERSION = 1;
				DEVELOPMENT_TEAM = Z9M8FT8K38;
				GENERATE_INFOPLIST_FILE = YES;
				IPHONEOS_DEPLOYMENT_TARGET = 18.2;
				MACOSX_DEPLOYMENT_TARGET = 15.2;
				MARKETING_VERSION = 1.0;
				PRODUCT_BUNDLE_IDENTIFIER = "IndigoApps.Shot-Clock-Cue-ScoreTests";
				PRODUCT_NAME = "$(TARGET_NAME)";
				SDKROOT = auto;
				SUPPORTED_PLATFORMS = "iphoneos iphonesimulator macosx xros xrsimulator";
				SWIFT_EMIT_LOC_STRINGS = NO;
				SWIFT_VERSION = 5.0;
				TARGETED_DEVICE_FAMILY = "1,2,7";
				TEST_HOST = "$(BUILT_PRODUCTS_DIR)/Shot Clock Tournaments.app/$(BUNDLE_EXECUTABLE_FOLDER_PATH)/Shot Clock Tournaments";
				XROS_DEPLOYMENT_TARGET = 2.2;
			};
			name = Release;
		};
		EB5C5F682D95141300F29182 /* Debug */ = {
			isa = XCBuildConfiguration;
			buildSettings = {
				CODE_SIGN_STYLE = Automatic;
				CURRENT_PROJECT_VERSION = 1;
				DEVELOPMENT_TEAM = Z9M8FT8K38;
				GENERATE_INFOPLIST_FILE = YES;
				IPHONEOS_DEPLOYMENT_TARGET = 18.2;
				MACOSX_DEPLOYMENT_TARGET = 15.2;
				MARKETING_VERSION = 1.0;
				PRODUCT_BUNDLE_IDENTIFIER = "IndigoApps.Shot-Clock-Cue-ScoreUITests";
				PRODUCT_NAME = "$(TARGET_NAME)";
				SDKROOT = auto;
				SUPPORTED_PLATFORMS = "iphoneos iphonesimulator macosx xros xrsimulator";
				SWIFT_EMIT_LOC_STRINGS = NO;
				SWIFT_VERSION = 5.0;
				TARGETED_DEVICE_FAMILY = "1,2,7";
				TEST_TARGET_NAME = "Shot Clock Cue Score";
				XROS_DEPLOYMENT_TARGET = 2.2;
			};
			name = Debug;
		};
		EB5C5F692D95141300F29182 /* Release */ = {
			isa = XCBuildConfiguration;
			buildSettings = {
				CODE_SIGN_STYLE = Automatic;
				CURRENT_PROJECT_VERSION = 1;
				DEVELOPMENT_TEAM = Z9M8FT8K38;
				GENERATE_INFOPLIST_FILE = YES;
				IPHONEOS_DEPLOYMENT_TARGET = 18.2;
				MACOSX_DEPLOYMENT_TARGET = 15.2;
				MARKETING_VERSION = 1.0;
				PRODUCT_BUNDLE_IDENTIFIER = "IndigoApps.Shot-Clock-Cue-ScoreUITests";
				PRODUCT_NAME = "$(TARGET_NAME)";
				SDKROOT = auto;
				SUPPORTED_PLATFORMS = "iphoneos iphonesimulator macosx xros xrsimulator";
				SWIFT_EMIT_LOC_STRINGS = NO;
				SWIFT_VERSION = 5.0;
				TARGETED_DEVICE_FAMILY = "1,2,7";
				TEST_TARGET_NAME = "Shot Clock Cue Score";
				XROS_DEPLOYMENT_TARGET = 2.2;
			};
			name = Release;
		};
/* End XCBuildConfiguration section */

/* Begin XCConfigurationList section */
		EB5C5F372D95141100F29182 /* Build configuration list for PBXProject "Shot Clock Tournaments" */ = {
			isa = XCConfigurationList;
			buildConfigurations = (
				EB5C5F5F2D95141300F29182 /* Debug */,
				EB5C5F602D95141300F29182 /* Release */,
			);
			defaultConfigurationIsVisible = 0;
			defaultConfigurationName = Release;
		};
		EB5C5F612D95141300F29182 /* Build configuration list for PBXNativeTarget "Shot Clock Tournaments" */ = {
			isa = XCConfigurationList;
			buildConfigurations = (
				EB5C5F622D95141300F29182 /* Debug */,
				EB5C5F632D95141300F29182 /* Release */,
			);
			defaultConfigurationIsVisible = 0;
			defaultConfigurationName = Release;
		};
		EB5C5F642D95141300F29182 /* Build configuration list for PBXNativeTarget "Shot Clock TournamentsTests" */ = {
			isa = XCConfigurationList;
			buildConfigurations = (
				EB5C5F652D95141300F29182 /* Debug */,
				EB5C5F662D95141300F29182 /* Release */,
			);
			defaultConfigurationIsVisible = 0;
			defaultConfigurationName = Release;
		};
		EB5C5F672D95141300F29182 /* Build configuration list for PBXNativeTarget "Shot Clock TournamentsUITests" */ = {
			isa = XCConfigurationList;
			buildConfigurations = (
				EB5C5F682D95141300F29182 /* Debug */,
				EB5C5F692D95141300F29182 /* Release */,
			);
			defaultConfigurationIsVisible = 0;
			defaultConfigurationName = Release;
		};
/* End XCConfigurationList section */
	};
	rootObject = EB5C5F342D95141100F29182 /* Project object */;
}
